
Microsoft Visual Studio Solution File, Format Version 12.00
# Visual Studio Version 16
VisualStudioVersion = 16.0.30204.135
MinimumVisualStudioVersion = 10.0.40219.1
Project("{FAE04EC0-301F-11D3-BF4B-00C04F79EFBC}") = "ChatApp.Server", "ChatApp\Server\ChatApp.Server.csproj", "{5F722125-59A6-4CDC-B642-FA4ECADFD76B}"
EndProject
Project("{FAE04EC0-301F-11D3-BF4B-00C04F79EFBC}") = "ChatApp.Client", "ChatApp\Client\ChatApp.Client.csproj", "{97A16251-7683-4D90-B490-11ADD356FEA9}"
EndProject
Project("{FAE04EC0-301F-11D3-BF4B-00C04F79EFBC}") = "ChatApp.Shared", "ChatApp\Shared\ChatApp.Shared.csproj", "{63BBD41A-E94F-483D-A769-44AB0468A755}"
EndProject
Global
	GlobalSection(SolutionConfigurationPlatforms) = preSolution
		Debug|Any CPU = Debug|Any CPU
		Release|Any CPU = Release|Any CPU
	EndGlobalSection
	GlobalSection(ProjectConfigurationPlatforms) = postSolution
		{5F722125-59A6-4CDC-B642-FA4ECADFD76B}.Debug|Any CPU.ActiveCfg = Debug|Any CPU
		{5F722125-59A6-4CDC-B642-FA4ECADFD76B}.Debug|Any CPU.Build.0 = Debug|Any CPU
		{5F722125-59A6-4CDC-B642-FA4ECADFD76B}.Release|Any CPU.ActiveCfg = Release|Any CPU
		{5F722125-59A6-4CDC-B642-FA4ECADFD76B}.Release|Any CPU.Build.0 = Release|Any CPU
		{97A16251-7683-4D90-B490-11ADD356FEA9}.Debug|Any CPU.ActiveCfg = Debug|Any CPU
		{97A16251-7683-4D90-B490-11ADD356FEA9}.Debug|Any CPU.Build.0 = Debug|Any CPU
		{97A16251-7683-4D90-B490-11ADD356FEA9}.Release|Any CPU.ActiveCfg = Release|Any CPU
		{97A16251-7683-4D90-B490-11ADD356FEA9}.Release|Any CPU.Build.0 = Release|Any CPU
		{63BBD41A-E94F-483D-A769-44AB0468A755}.Debug|Any CPU.ActiveCfg = Debug|Any CPU
		{63BBD41A-E94F-483D-A769-44AB0468A755}.Debug|Any CPU.Build.0 = Debug|Any CPU
		{63BBD41A-E94F-483D-A769-44AB0468A755}.Release|Any CPU.ActiveCfg = Release|Any CPU
		{63BBD41A-E94F-483D-A769-44AB0468A755}.Release|Any CPU.Build.0 = Release|Any CPU
	EndGlobalSection
	GlobalSection(SolutionProperties) = preSolution
		HideSolutionNode = FALSE
	EndGlobalSection
	GlobalSection(ExtensibilityGlobals) = postSolution
		SolutionGuid = {8A753451-202E-4EAE-BC90-98F74E9DF1BF}
	EndGlobalSection
EndGlobal
